Microsoft Visual Studio Solution File, Format Version 12.00
# Visual Studio Version 17
VisualStudioVersion = 17.5.2.0
MinimumVisualStudioVersion = 10.0.40219.1
Project("{FAE04EC0-301F-11D3-BF4B-00C04F79EFBC}") = "SoSanhTime", "SoSanhTime.csproj", "{F17F5199-5C5B-AEDA-D709-033E3222CB51}"
EndProject
Global
	GlobalSection(SolutionConfigurationPlatforms) = preSolution
		Debug|Any CPU = Debug|Any CPU
		Release|Any CPU = Release|Any CPU
	EndGlobalSection
	GlobalSection(ProjectConfigurationPlatforms) = postSolution
		{F17F5199-5C5B-AEDA-D709-033E3222CB51}.Debug|Any CPU.ActiveCfg = Debug|Any CPU
		{F17F5199-5C5B-AEDA-D709-033E3222CB51}.Debug|Any CPU.Build.0 = Debug|Any CPU
		{F17F5199-5C5B-AEDA-D709-033E3222CB51}.Release|Any CPU.ActiveCfg = Release|Any CPU
		{F17F5199-5C5B-AEDA-D709-033E3222CB51}.Release|Any CPU.Build.0 = Release|Any CPU
	EndGlobalSection
	GlobalSection(SolutionProperties) = preSolution
		HideSolutionNode = FALSE
	EndGlobalSection
	GlobalSection(ExtensibilityGlobals) = postSolution
		SolutionGuid = {F3BBC797-DA48-4DC2-8D03-BA7E357D456D}
	EndGlobalSection
EndGlobal
